
Microsoft Visual Studio Solution File, Format Version 12.00
# Visual Studio 15
VisualStudioVersion = 15.0.26730.16
MinimumVisualStudioVersion = 10.0.40219.1
Project("{8BC9CEB8-8B4A-11D0-8D11-00A0C91BC942}") = "12", "12\12.vcxproj", "{5994D3F2-0D10-4FAA-B38D-C81D3923A289}"
EndProject
Global
	GlobalSection(SolutionConfigurationPlatforms) = preSolution
		Debug|x64 = Debug|x64
		Debug|x86 = Debug|x86
		Release|x64 = Release|x64
		Release|x86 = Release|x86
	EndGlobalSection
	GlobalSection(ProjectConfigurationPlatforms) = postSolution
		{5994D3F2-0D10-4FAA-B38D-C81D3923A289}.Debug|x64.ActiveCfg = Debug|x64
		{5994D3F2-0D10-4FAA-B38D-C81D3923A289}.Debug|x64.Build.0 = Debug|x64
		{5994D3F2-0D10-4FAA-B38D-C81D3923A289}.Debug|x86.ActiveCfg = Debug|Win32
		{5994D3F2-0D10-4FAA-B38D-C81D3923A289}.Debug|x86.Build.0 = Debug|Win32
		{5994D3F2-0D10-4FAA-B38D-C81D3923A289}.Release|x64.ActiveCfg = Release|x64
		{5994D3F2-0D10-4FAA-B38D-C81D3923A289}.Release|x64.Build.0 = Release|x64
		{5994D3F2-0D10-4FAA-B38D-C81D3923A289}.Release|x86.ActiveCfg = Release|Win32
		{5994D3F2-0D10-4FAA-B38D-C81D3923A289}.Release|x86.Build.0 = Release|Win32
	EndGlobalSection
	GlobalSection(SolutionProperties) = preSolution
		HideSolutionNode = FALSE
	EndGlobalSection
	GlobalSection(ExtensibilityGlobals) = postSolution
		SolutionGuid = {CD96A308-971A-4FA7-A3D9-C428E13A8BE8}
	EndGlobalSection
EndGlobal
